// !$*UTF8*$!
{
	archiveVersion = 1;
	classes = {
	};
	objectVersion = 46;
	objects = {

/* Begin PBXBuildFile section */
		2C2097D31EBB2DF900964235 /* PDFWebView.m in Sources */ = {isa = PBXBuildFile; fileRef = 2C2097D21EBB2DF900964235 /* PDFWebView.m */; };
		2C95E35C1EB9D5DA007F693B /* main.m in Sources */ = {isa = PBXBuildFile; fileRef = 2C95E35B1EB9D5DA007F693B /* main.m */; };
		2C95E35F1EB9D5DA007F693B /* AppDelegate.m in Sources */ = {isa = PBXBuildFile; fileRef = 2C95E35E1EB9D5DA007F693B /* AppDelegate.m */; };
		2C95E3621EB9D5DA007F693B /* ViewController.m in Sources */ = {isa = PBXBuildFile; fileRef = 2C95E3611EB9D5DA007F693B /* ViewController.m */; };
		2C95E3651EB9D5DA007F693B /* Main.storyboard in Resources */ = {isa = PBXBuildFile; fileRef = 2C95E3631EB9D5DA007F693B /* Main.storyboard */; };
		2C95E3671EB9D5DA007F693B /* Assets.xcassets in Resources */ = {isa = PBXBuildFile; fileRef = 2C95E3661EB9D5DA007F693B /* Assets.xcassets */; };
		2C95E36A1EB9D5DA007F693B /* LaunchScreen.storyboard in Resources */ = {isa = PBXBuildFile; fileRef = 2C95E3681EB9D5DA007F693B /* LaunchScreen.storyboard */; };
		2C95E3751EB9D5DA007F693B /* PDFReaderTests.m in Sources */ = {isa = PBXBuildFile; fileRef = 2C95E3741EB9D5DA007F693B /* PDFReaderTests.m */; };
		2C95E3801EB9D5DA007F693B /* PDFReaderUITests.m in Sources */ = {isa = PBXBuildFile; fileRef = 2C95E37F1EB9D5DA007F693B /* PDFReaderUITests.m */; };
		2C98834E1EBC7DA3001094D9 /* TestController.m in Sources */ = {isa = PBXBuildFile; fileRef = 2C98834D1EBC7DA3001094D9 /* TestController.m */; };
		2CA483051EB9DBA7000B2FD6 /* 001.pdf in Resources */ = {isa = PBXBuildFile; fileRef = 2CA483001EB9DBA7000B2FD6 /* 001.pdf */; };
		2CA483061EB9DBA7000B2FD6 /* 002.pdf in Resources */ = {isa = PBXBuildFile; fileRef = 2CA483011EB9DBA7000B2FD6 /* 002.pdf */; };
		2CA483071EB9DBA7000B2FD6 /* 003.pdf in Resources */ = {isa = PBXBuildFile; fileRef = 2CA483021EB9DBA7000B2FD6 /* 003.pdf */; };
		2CA483081EB9DBA7000B2FD6 /* PDFWebReaderController.m in Sources */ = {isa = PBXBuildFile; fileRef = 2CA483041EB9DBA7000B2FD6 /* PDFWebReaderController.m */; };
		2CA4830B1EB9DD52000B2FD6 /* PDFListController.m in Sources */ = {isa = PBXBuildFile; fileRef = 2CA4830A1EB9DD52000B2FD6 /* PDFListController.m */; };
		2CA4830E1EB9DF02000B2FD6 /* PDFReaderController.m in Sources */ = {isa = PBXBuildFile; fileRef = 2CA4830D1EB9DF02000B2FD6 /* PDFReaderController.m */; };
		2CA483111EB9DF4A000B2FD6 /* PDFPageModel.m in Sources */ = {isa = PBXBuildFile; fileRef = 2CA483101EB9DF4A000B2FD6 /* PDFPageModel.m */; };
		2CA483141EB9DF76000B2FD6 /* PDFPageController.m in Sources */ = {isa = PBXBuildFile; fileRef = 2CA483131EB9DF76000B2FD6 /* PDFPageController.m */; };
		2CA483171EB9DF8B000B2FD6 /* PDFView.m in Sources */ = {isa = PBXBuildFile; fileRef = 2CA483161EB9DF8B000B2FD6 /* PDFView.m */; };
/* End PBXBuildFile section */

/* Begin PBXContainerItemProxy section */
		2C95E3711EB9D5DA007F693B /* PBXContainerItemProxy */ = {
			isa = PBXContainerItemProxy;
			containerPortal = 2C95E34F1EB9D5DA007F693B /* Project object */;
			proxyType = 1;
			remoteGlobalIDString = 2C95E3561EB9D5DA007F693B;
			remoteInfo = PDFReader;
		};
		2C95E37C1EB9D5DA007F693B /* PBXContainerItemProxy */ = {
			isa = PBXContainerItemProxy;
			containerPortal = 2C95E34F1EB9D5DA007F693B /* Project object */;
			proxyType = 1;
			remoteGlobalIDString = 2C95E3561EB9D5DA007F693B;
			remoteInfo = PDFReader;
		};
/* End PBXContainerItemProxy section */

/* Begin PBXFileReference section */
		2C2097CF1EBB28F400964235 /* zh-Hans */ = {isa = PBXFileReference; lastKnownFileType = text.plist.strings; name = "zh-Hans"; path = "zh-Hans.lproj/Main.strings"; sourceTree = "<group>"; };
		2C2097D01EBB28F400964235 /* zh-Hans */ = {isa = PBXFileReference; lastKnownFileType = text.plist.strings; name = "zh-Hans"; path = "zh-Hans.lproj/LaunchScreen.strings"; sourceTree = "<group>"; };
		2C2097D11EBB2DF900964235 /* PDFWebView.h */ = {isa = PBXFileReference; fileEncoding = 4; lastKnownFileType = sourcecode.c.h; path = PDFWebView.h; sourceTree = "<group>"; };
		2C2097D21EBB2DF900964235 /* PDFWebView.m */ = {isa = PBXFileReference; fileEncoding = 4; lastKnownFileType = sourcecode.c.objc; path = PDFWebView.m; sourceTree = "<group>"; };
		2C95E3571EB9D5DA007F693B /* PDFReader.app */ = {isa = PBXFileReference; explicitFileType = wrapper.application; includeInIndex = 0; path = PDFReader.app; sourceTree = BUILT_PRODUCTS_DIR; };
		2C95E35B1EB9D5DA007F693B /* main.m */ = {isa = PBXFileReference; lastKnownFileType = sourcecode.c.objc; path = main.m; sourceTree = "<group>"; };
		2C95E35D1EB9D5DA007F693B /* AppDelegate.h */ = {isa = PBXFileReference; lastKnownFileType = sourcecode.c.h; path = AppDelegate.h; sourceTree = "<group>"; };
		2C95E35E1EB9D5DA007F693B /* AppDelegate.m */ = {isa = PBXFileReference; lastKnownFileType = sourcecode.c.objc; path = AppDelegate.m; sourceTree = "<group>"; };
		2C95E3601EB9D5DA007F693B /* ViewController.h */ = {isa = PBXFileReference; lastKnownFileType = sourcecode.c.h; path = ViewController.h; sourceTree = "<group>"; };
		2C95E3611EB9D5DA007F693B /* ViewController.m */ = {isa = PBXFileReference; lastKnownFileType = sourcecode.c.objc; path = ViewController.m; sourceTree = "<group>"; };
		2C95E3641EB9D5DA007F693B /* Base */ = {isa = PBXFileReference; lastKnownFileType = file.storyboard; name = Base; path = Base.lproj/Main.storyboard; sourceTree = "<group>"; };
		2C95E3661EB9D5DA007F693B /* Assets.xcassets */ = {isa = PBXFileReference; lastKnownFileType = folder.assetcatalog; path = Assets.xcassets; sourceTree = "<group>"; };
		2C95E3691EB9D5DA007F693B /* Base */ = {isa = PBXFileReference; lastKnownFileType = file.storyboard; name = Base; path = Base.lproj/LaunchScreen.storyboard; sourceTree = "<group>"; };
		2C95E36B1EB9D5DA007F693B /* Info.plist */ = {isa = PBXFileReference; lastKnownFileType = text.plist.xml; path = Info.plist; sourceTree = "<group>"; };
		2C95E3701EB9D5DA007F693B /* PDFReaderTests.xctest */ = {isa = PBXFileReference; explicitFileType = wrapper.cfbundle; includeInIndex = 0; path = PDFReaderTests.xctest; sourceTree = BUILT_PRODUCTS_DIR; };
		2C95E3741EB9D5DA007F693B /* PDFReaderTests.m */ = {isa = PBXFileReference; lastKnownFileType = sourcecode.c.objc; path = PDFReaderTests.m; sourceTree = "<group>"; };
		2C95E3761EB9D5DA007F693B /* Info.plist */ = {isa = PBXFileReference; lastKnownFileType = text.plist.xml; path = Info.plist; sourceTree = "<group>"; };
		2C95E37B1EB9D5DA007F693B /* PDFReaderUITests.xctest */ = {isa = PBXFileReference; explicitFileType = wrapper.cfbundle; includeInIndex = 0; path = PDFReaderUITests.xctest; sourceTree = BUILT_PRODUCTS_DIR; };
		2C95E37F1EB9D5DA007F693B /* PDFReaderUITests.m */ = {isa = PBXFileReference; lastKnownFileType = sourcecode.c.objc; path = PDFReaderUITests.m; sourceTree = "<group>"; };
		2C95E3811EB9D5DA007F693B /* Info.plist */ = {isa = PBXFileReference; lastKnownFileType = text.plist.xml; path = Info.plist; sourceTree = "<group>"; };
		2C98834C1EBC7DA3001094D9 /* TestController.h */ = {isa = PBXFileReference; fileEncoding = 4; lastKnownFileType = sourcecode.c.h; path = TestController.h; sourceTree = "<group>"; };
		2C98834D1EBC7DA3001094D9 /* TestController.m */ = {isa = PBXFileReference; fileEncoding = 4; lastKnownFileType = sourcecode.c.objc; path = TestController.m; sourceTree = "<group>"; };
		2CA483001EB9DBA7000B2FD6 /* 001.pdf */ = {isa = PBXFileReference; lastKnownFileType = image.pdf; path = 001.pdf; sourceTree = "<group>"; };
		2CA483011EB9DBA7000B2FD6 /* 002.pdf */ = {isa = PBXFileReference; lastKnownFileType = image.pdf; path = 002.pdf; sourceTree = "<group>"; };
		2CA483021EB9DBA7000B2FD6 /* 003.pdf */ = {isa = PBXFileReference; lastKnownFileType = image.pdf; path = 003.pdf; sourceTree = "<group>"; };
		2CA483031EB9DBA7000B2FD6 /* PDFWebReaderController.h */ = {isa = PBXFileReference; fileEncoding = 4; lastKnownFileType = sourcecode.c.h; path = PDFWebReaderController.h; sourceTree = "<group>"; };
		2CA483041EB9DBA7000B2FD6 /* PDFWebReaderController.m */ = {isa = PBXFileReference; fileEncoding = 4; lastKnownFileType = sourcecode.c.objc; path = PDFWebReaderController.m; sourceTree = "<group>"; };
		2CA483091EB9DD52000B2FD6 /* PDFListController.h */ = {isa = PBXFileReference; fileEncoding = 4; lastKnownFileType = sourcecode.c.h; path = PDFListController.h; sourceTree = "<group>"; };
		2CA4830A1EB9DD52000B2FD6 /* PDFListController.m */ = {isa = PBXFileReference; fileEncoding = 4; lastKnownFileType = sourcecode.c.objc; path = PDFListController.m; sourceTree = "<group>"; };
		2CA4830C1EB9DF02000B2FD6 /* PDFReaderController.h */ = {isa = PBXFileReference; fileEncoding = 4; lastKnownFileType = sourcecode.c.h; path = PDFReaderController.h; sourceTree = "<group>"; };
		2CA4830D1EB9DF02000B2FD6 /* PDFReaderController.m */ = {isa = PBXFileReference; fileEncoding = 4; lastKnownFileType = sourcecode.c.objc; path = PDFReaderController.m; sourceTree = "<group>"; };
		2CA4830F1EB9DF4A000B2FD6 /* PDFPageModel.h */ = {isa = PBXFileReference; fileEncoding = 4; lastKnownFileType = sourcecode.c.h; path = PDFPageModel.h; sourceTree = "<group>"; };
		2CA483101EB9DF4A000B2FD6 /* PDFPageModel.m */ = {isa = PBXFileReference; fileEncoding = 4; lastKnownFileType = sourcecode.c.objc; path = PDFPageModel.m; sourceTree = "<group>"; };
		2CA483121EB9DF76000B2FD6 /* PDFPageController.h */ = {isa = PBXFileReference; fileEncoding = 4; lastKnownFileType = sourcecode.c.h; path = PDFPageController.h; sourceTree = "<group>"; };
		2CA483131EB9DF76000B2FD6 /* PDFPageController.m */ = {isa = PBXFileReference; fileEncoding = 4; lastKnownFileType = sourcecode.c.objc; path = PDFPageController.m; sourceTree = "<group>"; };
		2CA483151EB9DF8B000B2FD6 /* PDFView.h */ = {isa = PBXFileReference; fileEncoding = 4; lastKnownFileType = sourcecode.c.h; path = PDFView.h; sourceTree = "<group>"; };
		2CA483161EB9DF8B000B2FD6 /* PDFView.m */ = {isa = PBXFileReference; fileEncoding = 4; lastKnownFileType = sourcecode.c.objc; path = PDFView.m; sourceTree = "<group>"; };
/* End PBXFileReference section */

/* Begin PBXFrameworksBuildPhase section */
		2C95E3541EB9D5DA007F693B /* Frameworks */ = {
			isa = PBXFrameworksBuildPhase;
			buildActionMask = 2147483647;
			files = (
			);
			runOnlyForDeploymentPostprocessing = 0;
		};
		2C95E36D1EB9D5DA007F693B /* Frameworks */ = {
			isa = PBXFrameworksBuildPhase;
			buildActionMask = 2147483647;
			files = (
			);
			runOnlyForDeploymentPostprocessing = 0;
		};
		2C95E3781EB9D5DA007F693B /* Frameworks */ = {
			isa = PBXFrameworksBuildPhase;
			buildActionMask = 2147483647;
			files = (
			);
			runOnlyForDeploymentPostprocessing = 0;
		};
/* End PBXFrameworksBuildPhase section */

/* Begin PBXGroup section */
		2C95E34E1EB9D5DA007F693B = {
			isa = PBXGroup;
			children = (
				2C95E3591EB9D5DA007F693B /* PDFReader */,
				2C95E3731EB9D5DA007F693B /* PDFReaderTests */,
				2C95E37E1EB9D5DA007F693B /* PDFReaderUITests */,
				2C95E3581EB9D5DA007F693B /* Products */,
			);
			sourceTree = "<group>";
		};
		2C95E3581EB9D5DA007F693B /* Products */ = {
			isa = PBXGroup;
			children = (
				2C95E3571EB9D5DA007F693B /* PDFReader.app */,
				2C95E3701EB9D5DA007F693B /* PDFReaderTests.xctest */,
				2C95E37B1EB9D5DA007F693B /* PDFReaderUITests.xctest */,
			);
			name = Products;
			sourceTree = "<group>";
		};
		2C95E3591EB9D5DA007F693B /* PDFReader */ = {
			isa = PBXGroup;
			children = (
				2C98834C1EBC7DA3001094D9 /* TestController.h */,
				2C98834D1EBC7DA3001094D9 /* TestController.m */,
				2C2097D11EBB2DF900964235 /* PDFWebView.h */,
				2C2097D21EBB2DF900964235 /* PDFWebView.m */,
				2CA483151EB9DF8B000B2FD6 /* PDFView.h */,
				2CA483161EB9DF8B000B2FD6 /* PDFView.m */,
				2CA483121EB9DF76000B2FD6 /* PDFPageController.h */,
				2CA483131EB9DF76000B2FD6 /* PDFPageController.m */,
				2CA4830F1EB9DF4A000B2FD6 /* PDFPageModel.h */,
				2CA483101EB9DF4A000B2FD6 /* PDFPageModel.m */,
				2CA4830C1EB9DF02000B2FD6 /* PDFReaderController.h */,
				2CA4830D1EB9DF02000B2FD6 /* PDFReaderController.m */,
				2CA483091EB9DD52000B2FD6 /* PDFListController.h */,
				2CA4830A1EB9DD52000B2FD6 /* PDFListController.m */,
				2CA483031EB9DBA7000B2FD6 /* PDFWebReaderController.h */,
				2CA483041EB9DBA7000B2FD6 /* PDFWebReaderController.m */,
				2CA483001EB9DBA7000B2FD6 /* 001.pdf */,
				2CA483011EB9DBA7000B2FD6 /* 002.pdf */,
				2CA483021EB9DBA7000B2FD6 /* 003.pdf */,
				2C95E35D1EB9D5DA007F693B /* AppDelegate.h */,
				2C95E35E1EB9D5DA007F693B /* AppDelegate.m */,
				2C95E3601EB9D5DA007F693B /* ViewController.h */,
				2C95E3611EB9D5DA007F693B /* ViewController.m */,
				2C95E3631EB9D5DA007F693B /* Main.storyboard */,
				2C95E3661EB9D5DA007F693B /* Assets.xcassets */,
				2C95E3681EB9D5DA007F693B /* LaunchScreen.storyboard */,
				2C95E36B1EB9D5DA007F693B /* Info.plist */,
				2C95E35A1EB9D5DA007F693B /* Supporting Files */,
			);
			path = PDFReader;
			sourceTree = "<group>";
		};
		2C95E35A1EB9D5DA007F693B /* Supporting Files */ = {
			isa = PBXGroup;
			children = (
				2C95E35B1EB9D5DA007F693B /* main.m */,
			);
			name = "Supporting Files";
			sourceTree = "<group>";
		};
		2C95E3731EB9D5DA007F693B /* PDFReaderTests */ = {
			isa = PBXGroup;
			children = (
				2C95E3741EB9D5DA007F693B /* PDFReaderTests.m */,
				2C95E3761EB9D5DA007F693B /* Info.plist */,
			);
			path = PDFReaderTests;
			sourceTree = "<group>";
		};
		2C95E37E1EB9D5DA007F693B /* PDFReaderUITests */ = {
			isa = PBXGroup;
			children = (
				2C95E37F1EB9D5DA007F693B /* PDFReaderUITests.m */,
				2C95E3811EB9D5DA007F693B /* Info.plist */,
			);
			path = PDFReaderUITests;
			sourceTree = "<group>";
		};
/* End PBXGroup section */

/* Begin PBXNativeTarget section */
		2C95E3561EB9D5DA007F693B /* PDFReader */ = {
			isa = PBXNativeTarget;
			buildConfigurationList = 2C95E3841EB9D5DA007F693B /* Build configuration list for PBXNativeTarget "PDFReader" */;
			buildPhases = (
				2C95E3531EB9D5DA007F693B /* Sources */,
				2C95E3541EB9D5DA007F693B /* Frameworks */,
				2C95E3551EB9D5DA007F693B /* Resources */,
			);
			buildRules = (
			);
			dependencies = (
			);
			name = PDFReader;
			productName = PDFReader;
			productReference = 2C95E3571EB9D5DA007F693B /* PDFReader.app */;
			productType = "com.apple.product-type.application";
		};
		2C95E36F1EB9D5DA007F693B /* PDFReaderTests */ = {
			isa = PBXNativeTarget;
			buildConfigurationList = 2C95E3871EB9D5DA007F693B /* Build configuration list for PBXNativeTarget "PDFReaderTests" */;
			buildPhases = (
				2C95E36C1EB9D5DA007F693B /* Sources */,
				2C95E36D1EB9D5DA007F693B /* Frameworks */,
				2C95E36E1EB9D5DA007F693B /* Resources */,
			);
			buildRules = (
			);
			dependencies = (
				2C95E3721EB9D5DA007F693B /* PBXTargetDependency */,
			);
			name = PDFReaderTests;
			productName = PDFReaderTests;
			productReference = 2C95E3701EB9D5DA007F693B /* PDFReaderTests.xctest */;
			productType = "com.apple.product-type.bundle.unit-test";
		};
		2C95E37A1EB9D5DA007F693B /* PDFReaderUITests */ = {
			isa = PBXNativeTarget;
			buildConfigurationList = 2C95E38A1EB9D5DA007F693B /* Build configuration list for PBXNativeTarget "PDFReaderUITests" */;
			buildPhases = (
				2C95E3771EB9D5DA007F693B /* Sources */,
				2C95E3781EB9D5DA007F693B /* Frameworks */,
				2C95E3791EB9D5DA007F693B /* Resources */,
			);
			buildRules = (
			);
			dependencies = (
				2C95E37D1EB9D5DA007F693B /* PBXTargetDependency */,
			);
			name = PDFReaderUITests;
			productName = PDFReaderUITests;
			productReference = 2C95E37B1EB9D5DA007F693B /* PDFReaderUITests.xctest */;
			productType = "com.apple.product-type.bundle.ui-testing";
		};
/* End PBXNativeTarget section */

/* Begin PBXProject section */
		2C95E34F1EB9D5DA007F693B /* Project object */ = {
			isa = PBXProject;
			attributes = {
				LastUpgradeCheck = 0830;
				ORGANIZATIONNAME = lilu;
				TargetAttributes = {
					2C95E3561EB9D5DA007F693B = {
						CreatedOnToolsVersion = 8.3.2;
						DevelopmentTeam = JS5T2FLQ2B;
						ProvisioningStyle = Automatic;
					};
					2C95E36F1EB9D5DA007F693B = {
						CreatedOnToolsVersion = 8.3.2;
						DevelopmentTeam = JS5T2FLQ2B;
						ProvisioningStyle = Automatic;
						TestTargetID = 2C95E3561EB9D5DA007F693B;
					};
					2C95E37A1EB9D5DA007F693B = {
						CreatedOnToolsVersion = 8.3.2;
						DevelopmentTeam = JS5T2FLQ2B;
						ProvisioningStyle = Automatic;
						TestTargetID = 2C95E3561EB9D5DA007F693B;
					};
				};
			};
			buildConfigurationList = 2C95E3521EB9D5DA007F693B /* Build configuration list for PBXProject "PDFReader" */;
			compatibilityVersion = "Xcode 3.2";
			developmentRegion = English;
			hasScannedForEncodings = 0;
			knownRegions = (
				en,
				Base,
			);
			mainGroup = 2C95E34E1EB9D5DA007F693B;
			productRefGroup = 2C95E3581EB9D5DA007F693B /* Products */;
			projectDirPath = "";
			projectRoot = "";
			targets = (
				2C95E3561EB9D5DA007F693B /* PDFReader */,
				2C95E36F1EB9D5DA007F693B /* PDFReaderTests */,
				2C95E37A1EB9D5DA007F693B /* PDFReaderUITests */,
			);
		};
/* End PBXProject section */

/* Begin PBXResourcesBuildPhase section */
		2C95E3551EB9D5DA007F693B /* Resources */ = {
			isa = PBXResourcesBuildPhase;
			buildActionMask = 2147483647;
			files = (
				2CA483071EB9DBA7000B2FD6 /* 003.pdf in Resources */,
				2CA483051EB9DBA7000B2FD6 /* 001.pdf in Resources */,
				2C95E36A1EB9D5DA007F693B /* LaunchScreen.storyboard in Resources */,
				2C95E3671EB9D5DA007F693B /* Assets.xcassets in Resources */,
				2C95E3651EB9D5DA007F693B /* Main.storyboard in Resources */,
				2CA483061EB9DBA7000B2FD6 /* 002.pdf in Resources */,
			);
			runOnlyForDeploymentPostprocessing = 0;
		};
		2C95E36E1EB9D5DA007F693B /* Resources */ = {
			isa = PBXResourcesBuildPhase;
			buildActionMask = 2147483647;
			files = (
			);
			runOnlyForDeploymentPostprocessing = 0;
		};
		2C95E3791EB9D5DA007F693B /* Resources */ = {
			isa = PBXResourcesBuildPhase;
			buildActionMask = 2147483647;
			files = (
			);
			runOnlyForDeploymentPostprocessing = 0;
		};
/* End PBXResourcesBuildPhase section */

/* Begin PBXSourcesBuildPhase section */
		2C95E3531EB9D5DA007F693B /* Sources */ = {
			isa = PBXSourcesBuildPhase;
			buildActionMask = 2147483647;
			files = (
				2C95E3621EB9D5DA007F693B /* ViewController.m in Sources */,
				2CA483171EB9DF8B000B2FD6 /* PDFView.m in Sources */,
				2CA483141EB9DF76000B2FD6 /* PDFPageController.m in Sources */,
				2CA4830B1EB9DD52000B2FD6 /* PDFListController.m in Sources */,
				2C95E35F1EB9D5DA007F693B /* AppDelegate.m in Sources */,
				2CA4830E1EB9DF02000B2FD6 /* PDFReaderController.m in Sources */,
				2C2097D31EBB2DF900964235 /* PDFWebView.m in Sources */,
				2CA483081EB9DBA7000B2FD6 /* PDFWebReaderController.m in Sources */,
				2C95E35C1EB9D5DA007F693B /* main.m in Sources */,
				2C98834E1EBC7DA3001094D9 /* TestController.m in Sources */,
				2CA483111EB9DF4A000B2FD6 /* PDFPageModel.m in Sources */,
			);
			runOnlyForDeploymentPostprocessing = 0;
		};
		2C95E36C1EB9D5DA007F693B /* Sources */ = {
			isa = PBXSourcesBuildPhase;
			buildActionMask = 2147483647;
			files = (
				2C95E3751EB9D5DA007F693B /* PDFReaderTests.m in Sources */,
			);
			runOnlyForDeploymentPostprocessing = 0;
		};
		2C95E3771EB9D5DA007F693B /* Sources */ = {
			isa = PBXSourcesBuildPhase;
			buildActionMask = 2147483647;
			files = (
				2C95E3801EB9D5DA007F693B /* PDFReaderUITests.m in Sources */,
			);
			runOnlyForDeploymentPostprocessing = 0;
		};
/* End PBXSourcesBuildPhase section */

/* Begin PBXTargetDependency section */
		2C95E3721EB9D5DA007F693B /* PBXTargetDependency */ = {
			isa = PBXTargetDependency;
			target = 2C95E3561EB9D5DA007F693B /* PDFReader */;
			targetProxy = 2C95E3711EB9D5DA007F693B /* PBXContainerItemProxy */;
		};
		2C95E37D1EB9D5DA007F693B /* PBXTargetDependency */ = {
			isa = PBXTargetDependency;
			target = 2C95E3561EB9D5DA007F693B /* PDFReader */;
			targetProxy = 2C95E37C1EB9D5DA007F693B /* PBXContainerItemProxy */;
		};
/* End PBXTargetDependency section */

/* Begin PBXVariantGroup section */
		2C95E3631EB9D5DA007F693B /* Main.storyboard */ = {
			isa = PBXVariantGroup;
			children = (
				2C95E3641EB9D5DA007F693B /* Base */,
				2C2097CF1EBB28F400964235 /* zh-Hans */,
			);
			name = Main.storyboard;
			sourceTree = "<group>";
		};
		2C95E3681EB9D5DA007F693B /* LaunchScreen.storyboard */ = {
			isa = PBXVariantGroup;
			children = (
				2C95E3691EB9D5DA007F693B /* Base */,
				2C2097D01EBB28F400964235 /* zh-Hans */,
			);
			name = LaunchScreen.storyboard;
			sourceTree = "<group>";
		};
/* End PBXVariantGroup section */

/* Begin XCBuildConfiguration section */
		2C95E3821EB9D5DA007F693B /* Debug */ = {
			isa = XCBuildConfiguration;
			buildSettings = {
				ALWAYS_SEARCH_USER_PATHS = NO;
				CLANG_ANALYZER_LOCALIZABILITY_NONLOCALIZED = YES;
				CLANG_ANALYZER_NONNULL = YES;
				CLANG_ANALYZER_NUMBER_OBJECT_CONVERSION = YES_AGGRESSIVE;
				CLANG_CXX_LANGUAGE_STANDARD = "gnu++0x";
				CLANG_CXX_LIBRARY = "libc++";
				CLANG_ENABLE_MODULES = YES;
				CLANG_ENABLE_OBJC_ARC = YES;
				CLANG_WARN_BOOL_CONVERSION = YES;
				CLANG_WARN_CONSTANT_CONVERSION = YES;
				CLANG_WARN_DIRECT_OBJC_ISA_USAGE = YES_ERROR;
				CLANG_WARN_DOCUMENTATION_COMMENTS = YES;
				CLANG_WARN_EMPTY_BODY = YES;
				CLANG_WARN_ENUM_CONVERSION = YES;
				CLANG_WARN_INFINITE_RECURSION = YES;
				CLANG_WARN_INT_CONVERSION = YES;
				CLANG_WARN_OBJC_ROOT_CLASS = YES_ERROR;
				CLANG_WARN_SUSPICIOUS_MOVE = YES;
				CLANG_WARN_UNREACHABLE_CODE = YES;
				CLANG_WARN__DUPLICATE_METHOD_MATCH = YES;
				"CODE_SIGN_IDENTITY[sdk=iphoneos*]" = "iPhone Developer";
				COPY_PHASE_STRIP = NO;
				DEBUG_INFORMATION_FORMAT = dwarf;
				ENABLE_STRICT_OBJC_MSGSEND = YES;
				ENABLE_TESTABILITY = YES;
				GCC_C_LANGUAGE_STANDARD = gnu99;
				GCC_DYNAMIC_NO_PIC = NO;
				GCC_NO_COMMON_BLOCKS = YES;
				GCC_OPTIMIZATION_LEVEL = 0;
				GCC_PREPROCESSOR_DEFINITIONS = (
					"DEBUG=1",
					"$(inherited)",
				);
				GCC_WARN_64_TO_32_BIT_CONVERSION = YES;
				GCC_WARN_ABOUT_RETURN_TYPE = YES_ERROR;
				GCC_WARN_UNDECLARED_SELECTOR = YES;
				GCC_WARN_UNINITIALIZED_AUTOS = YES_AGGRESSIVE;
				GCC_WARN_UNUSED_FUNCTION = YES;
				GCC_WARN_UNUSED_VARIABLE = YES;
				IPHONEOS_DEPLOYMENT_TARGET = 9.0;
				MTL_ENABLE_DEBUG_INFO = YES;
				ONLY_ACTIVE_ARCH = YES;
				SDKROOT = iphoneos;
				TARGETED_DEVICE_FAMILY = "1,2";
			};
			name = Debug;
		};
		2C95E3831EB9D5DA007F693B /* Release */ = {
			isa = XCBuildConfiguration;
			buildSettings = {
				ALWAYS_SEARCH_USER_PATHS = NO;
				CLANG_ANALYZER_LOCALIZABILITY_NONLOCALIZED = YES;
				CLANG_ANALYZER_NONNULL = YES;
				CLANG_ANALYZER_NUMBER_OBJECT_CONVERSION = YES_AGGRESSIVE;
				CLANG_CXX_LANGUAGE_STANDARD = "gnu++0x";
				CLANG_CXX_LIBRARY = "libc++";
				CLANG_ENABLE_MODULES = YES;
				CLANG_ENABLE_OBJC_ARC = YES;
				CLANG_WARN_BOOL_CONVERSION = YES;
				CLANG_WARN_CONSTANT_CONVERSION = YES;
				CLANG_WARN_DIRECT_OBJC_ISA_USAGE = YES_ERROR;
				CLANG_WARN_DOCUMENTATION_COMMENTS = YES;
				CLANG_WARN_EMPTY_BODY = YES;
				CLANG_WARN_ENUM_CONVERSION = YES;
				CLANG_WARN_INFINITE_RECURSION = YES;
				CLANG_WARN_INT_CONVERSION = YES;
				CLANG_WARN_OBJC_ROOT_CLASS = YES_ERROR;
				CLANG_WARN_SUSPICIOUS_MOVE = YES;
				CLANG_WARN_UNREACHABLE_CODE = YES;
				CLANG_WARN__DUPLICATE_METHOD_MATCH = YES;
				"CODE_SIGN_IDENTITY[sdk=iphoneos*]" = "iPhone Developer";
				COPY_PHASE_STRIP = NO;
				DEBUG_INFORMATION_FORMAT = "dwarf-with-dsym";
				ENABLE_NS_ASSERTIONS = NO;
				ENABLE_STRICT_OBJC_MSGSEND = YES;
				GCC_C_LANGUAGE_STANDARD = gnu99;
				GCC_NO_COMMON_BLOCKS = YES;
				GCC_WARN_64_TO_32_BIT_CONVERSION = YES;
				GCC_WARN_ABOUT_RETURN_TYPE = YES_ERROR;
				GCC_WARN_UNDECLARED_SELECTOR = YES;
				GCC_WARN_UNINITIALIZED_AUTOS = YES_AGGRESSIVE;
				GCC_WARN_UNUSED_FUNCTION = YES;
				GCC_WARN_UNUSED_VARIABLE = YES;
				IPHONEOS_DEPLOYMENT_TARGET = 9.0;
				MTL_ENABLE_DEBUG_INFO = NO;
				SDKROOT = iphoneos;
				TARGETED_DEVICE_FAMILY = "1,2";
				VALIDATE_PRODUCT = YES;
			};
			name = Release;
		};
		2C95E3851EB9D5DA007F693B /* Debug */ = {
			isa = XCBuildConfiguration;
			buildSettings = {
				ASSETCATALOG_COMPILER_APPICON_NAME = AppIcon;
				DEVELOPMENT_TEAM = JS5T2FLQ2B;
				INFOPLIST_FILE = PDFReader/Info.plist;
				IPHONEOS_DEPLOYMENT_TARGET = 8.0;
				LD_RUNPATH_SEARCH_PATHS = "$(inherited) @executable_path/Frameworks";
				PRODUCT_BUNDLE_IDENTIFIER = com.youdao.PDFReader;
				PRODUCT_NAME = "$(TARGET_NAME)";
			};
			name = Debug;
		};
		2C95E3861EB9D5DA007F693B /* Release */ = {
			isa = XCBuildConfiguration;
			buildSettings = {
				ASSETCATALOG_COMPILER_APPICON_NAME = AppIcon;
				DEVELOPMENT_TEAM = JS5T2FLQ2B;
				INFOPLIST_FILE = PDFReader/Info.plist;
				IPHONEOS_DEPLOYMENT_TARGET = 8.0;
				LD_RUNPATH_SEARCH_PATHS = "$(inherited) @executable_path/Frameworks";
				PRODUCT_BUNDLE_IDENTIFIER = com.youdao.PDFReader;
				PRODUCT_NAME = "$(TARGET_NAME)";
			};
			name = Release;
		};
		2C95E3881EB9D5DA007F693B /* Debug */ = {
			isa = XCBuildConfiguration;
			buildSettings = {
				BUNDLE_LOADER = "$(TEST_HOST)";
				DEVELOPMENT_TEAM = JS5T2FLQ2B;
				INFOPLIST_FILE = PDFReaderTests/Info.plist;
				LD_RUNPATH_SEARCH_PATHS = "$(inherited) @executable_path/Frameworks @loader_path/Frameworks";
				PRODUCT_BUNDLE_IDENTIFIER = com.youdao.PDFReaderTests;
				PRODUCT_NAME = "$(TARGET_NAME)";
				TEST_HOST = "$(BUILT_PRODUCTS_DIR)/PDFReader.app/PDFReader";
			};
			name = Debug;
		};
		2C95E3891EB9D5DA007F693B /* Release */ = {
			isa = XCBuildConfiguration;
			buildSettings = {
				BUNDLE_LOADER = "$(TEST_HOST)";
				DEVELOPMENT_TEAM = JS5T2FLQ2B;
				INFOPLIST_FILE = PDFReaderTests/Info.plist;
				LD_RUNPATH_SEARCH_PATHS = "$(inherited) @executable_path/Frameworks @loader_path/Frameworks";
				PRODUCT_BUNDLE_IDENTIFIER = com.youdao.PDFReaderTests;
				PRODUCT_NAME = "$(TARGET_NAME)";
				TEST_HOST = "$(BUILT_PRODUCTS_DIR)/PDFReader.app/PDFReader";
			};
			name = Release;
		};
		2C95E38B1EB9D5DA007F693B /* Debug */ = {
			isa = XCBuildConfiguration;
			buildSettings = {
				DEVELOPMENT_TEAM = JS5T2FLQ2B;
				INFOPLIST_FILE = PDFReaderUITests/Info.plist;
				LD_RUNPATH_SEARCH_PATHS = "$(inherited) @executable_path/Frameworks @loader_path/Frameworks";
				PRODUCT_BUNDLE_IDENTIFIER = com.youdao.PDFReaderUITests;
				PRODUCT_NAME = "$(TARGET_NAME)";
				TEST_TARGET_NAME = PDFReader;
			};
			name = Debug;
		};
		2C95E38C1EB9D5DA007F693B /* Release */ = {
			isa = XCBuildConfiguration;
			buildSettings = {
				DEVELOPMENT_TEAM = JS5T2FLQ2B;
				INFOPLIST_FILE = PDFReaderUITests/Info.plist;
				LD_RUNPATH_SEARCH_PATHS = "$(inherited) @executable_path/Frameworks @loader_path/Frameworks";
				PRODUCT_BUNDLE_IDENTIFIER = com.youdao.PDFReaderUITests;
				PRODUCT_NAME = "$(TARGET_NAME)";
				TEST_TARGET_NAME = PDFReader;
			};
			name = Release;
		};
/* End XCBuildConfiguration section */

/* Begin XCConfigurationList section */
		2C95E3521EB9D5DA007F693B /* Build configuration list for PBXProject "PDFReader" */ = {
			isa = XCConfigurationList;
			buildConfigurations = (
				2C95E3821EB9D5DA007F693B /* Debug */,
				2C95E3831EB9D5DA007F693B /* Release */,
			);
			defaultConfigurationIsVisible = 0;
			defaultConfigurationName = Release;
		};
		2C95E3841EB9D5DA007F693B /* Build configuration list for PBXNativeTarget "PDFReader" */ = {
			isa = XCConfigurationList;
			buildConfigurations = (
				2C95E3851EB9D5DA007F693B /* Debug */,
				2C95E3861EB9D5DA007F693B /* Release */,
			);
			defaultConfigurationIsVisible = 0;
			defaultConfigurationName = Release;
		};
		2C95E3871EB9D5DA007F693B /* Build configuration list for PBXNativeTarget "PDFReaderTests" */ = {
			isa = XCConfigurationList;
			buildConfigurations = (
				2C95E3881EB9D5DA007F693B /* Debug */,
				2C95E3891EB9D5DA007F693B /* Release */,
			);
			defaultConfigurationIsVisible = 0;
			defaultConfigurationName = Release;
		};
		2C95E38A1EB9D5DA007F693B /* Build configuration list for PBXNativeTarget "PDFReaderUITests" */ = {
			isa = XCConfigurationList;
			buildConfigurations = (
				2C95E38B1EB9D5DA007F693B /* Debug */,
				2C95E38C1EB9D5DA007F693B /* Release */,
			);
			defaultConfigurationIsVisible = 0;
			defaultConfigurationName = Release;
		};
/* End XCConfigurationList section */
	};
	rootObject = 2C95E34F1EB9D5DA007F693B /* Project object */;
}
